{
  "nodes": {
    "nixpkgs": {
      "locked": {
        "lastModified": 1734024647,
        "narHash": "sha256-jFJHMNCdIiex3RGebYL/7cTBwDcN2pJVhZS9uB8mkOA=",
        "owner": "NixOS",
        "repo": "nixpkgs",
        "rev": "fc31945f1e81ae72a666945b1162f8bae84796e3",
        "type": "github"
      },
      "original": {
        "owner": "NixOS",
        "repo": "nixpkgs",
        "type": "github"
      }
    },
    "root": {
      "inputs": {
        "nixpkgs": "nixpkgs"
      }
    }
  },
  "root": "root",
  "version": 7
}
