{
  "nodes": {
    "nixpkgs": {
      "locked": {
        "lastModified": 1734970416,
        "narHash": "sha256-Eb1j1QCCIc/LsBQnIi09GbmALHYhmXEGKkvinurHavA=",
        "owner": "NixOS",
        "repo": "nixpkgs",
        "rev": "0aa9c6706d8f39df524ebe471f38c1eb476c006f",
        "type": "github"
      },
      "original": {
        "owner": "NixOS",
        "repo": "nixpkgs",
        "type": "github"
      }
    },
    "root": {
      "inputs": {
        "nixpkgs": "nixpkgs"
      }
    }
  },
  "root": "root",
  "version": 7
}
