{
  "nodes": {
    "nixpkgs": {
      "locked": {
        "lastModified": 1736250868,
        "narHash": "sha256-nW6yJr0UVQx1QugwW6TzHpWGzNEtgOu+zCHqaF+Uy84=",
        "owner": "NixOS",
        "repo": "nixpkgs",
        "rev": "fb74d2e522abfbfb5ca6332009b6a20bf776e156",
        "type": "github"
      },
      "original": {
        "owner": "NixOS",
        "repo": "nixpkgs",
        "type": "github"
      }
    },
    "root": {
      "inputs": {
        "nixpkgs": "nixpkgs"
      }
    }
  },
  "root": "root",
  "version": 7
}
